
Microsoft Visual Studio Solution File, Format Version 12.00
# Visual Studio Version 17
VisualStudioVersion = 17.8.34330.188
MinimumVisualStudioVersion = 10.0.40219.1
Project("{FAE04EC0-301F-11D3-BF4B-00C04F79EFBC}") = "Server", "NetworkAppCSharp\Server.csproj", "{5D5C0167-3AAC-4C96-9857-73B57B22856D}"
EndProject
Project("{FAE04EC0-301F-11D3-BF4B-00C04F79EFBC}") = "Client", "Client\Client.csproj", "{3F4419A2-A9F8-47E7-9C56-8AB4D90B1AFA}"
EndProject
Global
	GlobalSection(SolutionConfigurationPlatforms) = preSolution
		Debug|Any CPU = Debug|Any CPU
		Release|Any CPU = Release|Any CPU
	EndGlobalSection
	GlobalSection(ProjectConfigurationPlatforms) = postSolution
		{5D5C0167-3AAC-4C96-9857-73B57B22856D}.Debug|Any CPU.ActiveCfg = Debug|Any CPU
		{5D5C0167-3AAC-4C96-9857-73B57B22856D}.Debug|Any CPU.Build.0 = Debug|Any CPU
		{5D5C0167-3AAC-4C96-9857-73B57B22856D}.Release|Any CPU.ActiveCfg = Release|Any CPU
		{5D5C0167-3AAC-4C96-9857-73B57B22856D}.Release|Any CPU.Build.0 = Release|Any CPU
		{3F4419A2-A9F8-47E7-9C56-8AB4D90B1AFA}.Debug|Any CPU.ActiveCfg = Debug|Any CPU
		{3F4419A2-A9F8-47E7-9C56-8AB4D90B1AFA}.Debug|Any CPU.Build.0 = Debug|Any CPU
		{3F4419A2-A9F8-47E7-9C56-8AB4D90B1AFA}.Release|Any CPU.ActiveCfg = Release|Any CPU
		{3F4419A2-A9F8-47E7-9C56-8AB4D90B1AFA}.Release|Any CPU.Build.0 = Release|Any CPU
	EndGlobalSection
	GlobalSection(SolutionProperties) = preSolution
		HideSolutionNode = FALSE
	EndGlobalSection
	GlobalSection(ExtensibilityGlobals) = postSolution
		SolutionGuid = {18F65AFD-46C2-40E1-9C0B-5A6D6EB8255B}
	EndGlobalSection
EndGlobal
